
Microsoft Visual Studio Solution File, Format Version 12.00
# Visual Studio Version 17
VisualStudioVersion = 17.8.34309.116
MinimumVisualStudioVersion = 10.0.40219.1
Project("{FAE04EC0-301F-11D3-BF4B-00C04F79EFBC}") = "CustomerEngagement.Api", "src\CustomerEngagement.Api\CustomerEngagement.Api.csproj", "{A1B2C3D4-1111-2222-3333-444455556666}"
EndProject
Project("{FAE04EC0-301F-11D3-BF4B-00C04F79EFBC}") = "CustomerEngagement.Core", "src\CustomerEngagement.Core\CustomerEngagement.Core.csproj", "{A1B2C3D4-1111-2222-3333-444455556677}"
EndProject
Project("{FAE04EC0-301F-11D3-BF4B-00C04F79EFBC}") = "CustomerEngagement.Application", "src\CustomerEngagement.Application\CustomerEngagement.Application.csproj", "{A1B2C3D4-1111-2222-3333-444455556688}"
EndProject
Project("{FAE04EC0-301F-11D3-BF4B-00C04F79EFBC}") = "CustomerEngagement.Infrastructure", "src\CustomerEngagement.Infrastructure\CustomerEngagement.Infrastructure.csproj", "{A1B2C3D4-1111-2222-3333-444455556699}"
EndProject
Project("{FAE04EC0-301F-11D3-BF4B-00C04F79EFBC}") = "CustomerEngagement.Enterprise", "src\CustomerEngagement.Enterprise\CustomerEngagement.Enterprise.csproj", "{A1B2C3D4-1111-2222-3333-4444555566AA}"
EndProject
Project("{FAE04EC0-301F-11D3-BF4B-00C04F79EFBC}") = "CustomerEngagement.Api.Tests", "tests\CustomerEngagement.Api.Tests\CustomerEngagement.Api.Tests.csproj", "{A1B2C3D4-1111-2222-3333-4444555566BB}"
EndProject
Project("{FAE04EC0-301F-11D3-BF4B-00C04F79EFBC}") = "CustomerEngagement.Application.Tests", "tests\CustomerEngagement.Application.Tests\CustomerEngagement.Application.Tests.csproj", "{A1B2C3D4-1111-2222-3333-4444555566CC}"
EndProject
Project("{FAE04EC0-301F-11D3-BF4B-00C04F79EFBC}") = "CustomerEngagement.Infrastructure.Tests", "tests\CustomerEngagement.Infrastructure.Tests\CustomerEngagement.Infrastructure.Tests.csproj", "{A1B2C3D4-1111-2222-3333-4444555566DD}"
EndProject
Project("{FAE04EC0-301F-11D3-BF4B-00C04F79EFBC}") = "CustomerEngagement.Tests", "tests\CustomerEngagement.Tests\CustomerEngagement.Tests.csproj", "{A1B2C3D4-1111-2222-3333-4444555566EE}"
EndProject
Project("{2150E333-8FDC-42A3-9474-1A3956D46DE8}") = "src", "src", "{E1F2A3B4-5555-6666-7777-888899990000}"
EndProject
Project("{2150E333-8FDC-42A3-9474-1A3956D46DE8}") = "tests", "tests", "{E1F2A3B4-5555-6666-7777-888899990001}"
EndProject
Global
	GlobalSection(SolutionConfigurationPlatforms) = preSolution
		Debug|Any CPU = Debug|Any CPU
		Release|Any CPU = Release|Any CPU
	EndGlobalSection
	GlobalSection(ProjectConfigurationPlatforms) = postSolution
		{A1B2C3D4-1111-2222-3333-444455556666}.Debug|Any CPU.ActiveCfg = Debug|Any CPU
		{A1B2C3D4-1111-2222-3333-444455556666}.Debug|Any CPU.Build.0 = Debug|Any CPU
		{A1B2C3D4-1111-2222-3333-444455556666}.Release|Any CPU.ActiveCfg = Release|Any CPU
		{A1B2C3D4-1111-2222-3333-444455556666}.Release|Any CPU.Build.0 = Release|Any CPU
		{A1B2C3D4-1111-2222-3333-444455556677}.Debug|Any CPU.ActiveCfg = Debug|Any CPU
		{A1B2C3D4-1111-2222-3333-444455556677}.Debug|Any CPU.Build.0 = Debug|Any CPU
		{A1B2C3D4-1111-2222-3333-444455556677}.Release|Any CPU.ActiveCfg = Release|Any CPU
		{A1B2C3D4-1111-2222-3333-444455556677}.Release|Any CPU.Build.0 = Release|Any CPU
		{A1B2C3D4-1111-2222-3333-444455556688}.Debug|Any CPU.ActiveCfg = Debug|Any CPU
		{A1B2C3D4-1111-2222-3333-444455556688}.Debug|Any CPU.Build.0 = Debug|Any CPU
		{A1B2C3D4-1111-2222-3333-444455556688}.Release|Any CPU.ActiveCfg = Release|Any CPU
		{A1B2C3D4-1111-2222-3333-444455556688}.Release|Any CPU.Build.0 = Release|Any CPU
		{A1B2C3D4-1111-2222-3333-444455556699}.Debug|Any CPU.ActiveCfg = Debug|Any CPU
		{A1B2C3D4-1111-2222-3333-444455556699}.Debug|Any CPU.Build.0 = Debug|Any CPU
		{A1B2C3D4-1111-2222-3333-444455556699}.Release|Any CPU.ActiveCfg = Release|Any CPU
		{A1B2C3D4-1111-2222-3333-444455556699}.Release|Any CPU.Build.0 = Release|Any CPU
		{A1B2C3D4-1111-2222-3333-4444555566AA}.Debug|Any CPU.ActiveCfg = Debug|Any CPU
		{A1B2C3D4-1111-2222-3333-4444555566AA}.Debug|Any CPU.Build.0 = Debug|Any CPU
		{A1B2C3D4-1111-2222-3333-4444555566AA}.Release|Any CPU.ActiveCfg = Release|Any CPU
		{A1B2C3D4-1111-2222-3333-4444555566AA}.Release|Any CPU.Build.0 = Release|Any CPU
		{A1B2C3D4-1111-2222-3333-4444555566BB}.Debug|Any CPU.ActiveCfg = Debug|Any CPU
		{A1B2C3D4-1111-2222-3333-4444555566BB}.Debug|Any CPU.Build.0 = Debug|Any CPU
		{A1B2C3D4-1111-2222-3333-4444555566BB}.Release|Any CPU.ActiveCfg = Release|Any CPU
		{A1B2C3D4-1111-2222-3333-4444555566BB}.Release|Any CPU.Build.0 = Release|Any CPU
		{A1B2C3D4-1111-2222-3333-4444555566CC}.Debug|Any CPU.ActiveCfg = Debug|Any CPU
		{A1B2C3D4-1111-2222-3333-4444555566CC}.Debug|Any CPU.Build.0 = Debug|Any CPU
		{A1B2C3D4-1111-2222-3333-4444555566CC}.Release|Any CPU.ActiveCfg = Release|Any CPU
		{A1B2C3D4-1111-2222-3333-4444555566CC}.Release|Any CPU.Build.0 = Release|Any CPU
		{A1B2C3D4-1111-2222-3333-4444555566DD}.Debug|Any CPU.ActiveCfg = Debug|Any CPU
		{A1B2C3D4-1111-2222-3333-4444555566DD}.Debug|Any CPU.Build.0 = Debug|Any CPU
		{A1B2C3D4-1111-2222-3333-4444555566DD}.Release|Any CPU.ActiveCfg = Release|Any CPU
		{A1B2C3D4-1111-2222-3333-4444555566DD}.Release|Any CPU.Build.0 = Release|Any CPU
		{A1B2C3D4-1111-2222-3333-4444555566EE}.Debug|Any CPU.ActiveCfg = Debug|Any CPU
		{A1B2C3D4-1111-2222-3333-4444555566EE}.Debug|Any CPU.Build.0 = Debug|Any CPU
		{A1B2C3D4-1111-2222-3333-4444555566EE}.Release|Any CPU.ActiveCfg = Release|Any CPU
		{A1B2C3D4-1111-2222-3333-4444555566EE}.Release|Any CPU.Build.0 = Release|Any CPU
	EndGlobalSection
	GlobalSection(SolutionProperties) = preSolution
		HideSolutionNode = FALSE
	EndGlobalSection
	GlobalSection(NestedProjects) = preSolution
		{A1B2C3D4-1111-2222-3333-444455556666} = {E1F2A3B4-5555-6666-7777-888899990000}
		{A1B2C3D4-1111-2222-3333-444455556677} = {E1F2A3B4-5555-6666-7777-888899990000}
		{A1B2C3D4-1111-2222-3333-444455556688} = {E1F2A3B4-5555-6666-7777-888899990000}
		{A1B2C3D4-1111-2222-3333-444455556699} = {E1F2A3B4-5555-6666-7777-888899990000}
		{A1B2C3D4-1111-2222-3333-4444555566AA} = {E1F2A3B4-5555-6666-7777-888899990000}
		{A1B2C3D4-1111-2222-3333-4444555566BB} = {E1F2A3B4-5555-6666-7777-888899990001}
		{A1B2C3D4-1111-2222-3333-4444555566CC} = {E1F2A3B4-5555-6666-7777-888899990001}
		{A1B2C3D4-1111-2222-3333-4444555566DD} = {E1F2A3B4-5555-6666-7777-888899990001}
		{A1B2C3D4-1111-2222-3333-4444555566EE} = {E1F2A3B4-5555-6666-7777-888899990001}
	EndGlobalSection
EndGlobal
